
Microsoft Visual Studio Solution File, Format Version 12.00
# Visual Studio Version 17
VisualStudioVersion = 17.6.33815.320
MinimumVisualStudioVersion = 10.0.40219.1
Project("{FAE04EC0-301F-11D3-BF4B-00C04F79EFBC}") = "Zenith", "Zenith.csproj", "{8331837E-7E09-45E5-80C6-3649658F9175}"
EndProject
Global
	GlobalSection(SolutionConfigurationPlatforms) = preSolution
		Debug|Any CPU = Debug|Any CPU
		Release|Any CPU = Release|Any CPU
	EndGlobalSection
	GlobalSection(ProjectConfigurationPlatforms) = postSolution
		{8331837E-7E09-45E5-80C6-3649658F9175}.Debug|Any CPU.ActiveCfg = Debug|Any CPU
		{8331837E-7E09-45E5-80C6-3649658F9175}.Debug|Any CPU.Build.0 = Debug|Any CPU
		{8331837E-7E09-45E5-80C6-3649658F9175}.Release|Any CPU.ActiveCfg = Release|Any CPU
		{8331837E-7E09-45E5-80C6-3649658F9175}.Release|Any CPU.Build.0 = Release|Any CPU
	EndGlobalSection
	GlobalSection(SolutionProperties) = preSolution
		HideSolutionNode = FALSE
	EndGlobalSection
	GlobalSection(ExtensibilityGlobals) = postSolution
		SolutionGuid = {4AFF4606-4A34-49BB-AFA2-F60BD0A8781B}
	EndGlobalSection
EndGlobal
